
Microsoft Visual Studio Solution File, Format Version 12.00
# Visual Studio Version 16
VisualStudioVersion = 16.0.30204.135
MinimumVisualStudioVersion = 10.0.40219.1
Project("{FAE04EC0-301F-11D3-BF4B-00C04F79EFBC}") = "ClientApp", "ClientApp\ClientApp.csproj", "{B3197907-6294-4284-878B-DB8238C314FA}"
EndProject
Global
	GlobalSection(SolutionConfigurationPlatforms) = preSolution
		Debug|Any CPU = Debug|Any CPU
		Release|Any CPU = Release|Any CPU
	EndGlobalSection
	GlobalSection(ProjectConfigurationPlatforms) = postSolution
		{B3197907-6294-4284-878B-DB8238C314FA}.Debug|Any CPU.ActiveCfg = Debug|Any CPU
		{B3197907-6294-4284-878B-DB8238C314FA}.Debug|Any CPU.Build.0 = Debug|Any CPU
		{B3197907-6294-4284-878B-DB8238C314FA}.Release|Any CPU.ActiveCfg = Release|Any CPU
		{B3197907-6294-4284-878B-DB8238C314FA}.Release|Any CPU.Build.0 = Release|Any CPU
	EndGlobalSection
	GlobalSection(SolutionProperties) = preSolution
		HideSolutionNode = FALSE
	EndGlobalSection
	GlobalSection(ExtensibilityGlobals) = postSolution
		SolutionGuid = {A72C295D-589C-4A33-B3DF-66234CD0CD59}
	EndGlobalSection
EndGlobal
